
Microsoft Visual Studio Solution File, Format Version 12.00
# Visual Studio 14
VisualStudioVersion = 14.0.23107.0
MinimumVisualStudioVersion = 10.0.40219.1
Project("{FAE04EC0-301F-11D3-BF4B-00C04F79EFBC}") = "Test Asp.Net", "Test Asp.Net\Test Asp.Net.csproj", "{B985429D-20A3-4E2C-8562-AE6DE41EC10C}"
EndProject
Global
	GlobalSection(SolutionConfigurationPlatforms) = preSolution
		Debug|Any CPU = Debug|Any CPU
		Release|Any CPU = Release|Any CPU
	EndGlobalSection
	GlobalSection(ProjectConfigurationPlatforms) = postSolution
		{B985429D-20A3-4E2C-8562-AE6DE41EC10C}.Debug|Any CPU.ActiveCfg = Debug|Any CPU
		{B985429D-20A3-4E2C-8562-AE6DE41EC10C}.Debug|Any CPU.Build.0 = Debug|Any CPU
		{B985429D-20A3-4E2C-8562-AE6DE41EC10C}.Release|Any CPU.ActiveCfg = Release|Any CPU
		{B985429D-20A3-4E2C-8562-AE6DE41EC10C}.Release|Any CPU.Build.0 = Release|Any CPU
	EndGlobalSection
	GlobalSection(SolutionProperties) = preSolution
		HideSolutionNode = FALSE
	EndGlobalSection
EndGlobal
